
Microsoft Visual Studio Solution File, Format Version 12.00
# Visual Studio 2012
Project("{FAE04EC0-301F-11D3-BF4B-00C04F79EFBC}") = "AnnouncementApp", "AnnouncementApp\AnnouncementApp.csproj", "{9C366CE2-91BA-4A0B-B334-337E6F25B63A}"
EndProject
Project("{FAE04EC0-301F-11D3-BF4B-00C04F79EFBC}") = "AnnouncementAppWeb", "AnnouncementAppWeb\AnnouncementAppWeb.csproj", "{8B2AD4B8-1CE3-438D-B795-74DD45C7C2FD}"
EndProject
Global
	GlobalSection(SolutionConfigurationPlatforms) = preSolution
		Debug|Any CPU = Debug|Any CPU
		Release|Any CPU = Release|Any CPU
	EndGlobalSection
	GlobalSection(ProjectConfigurationPlatforms) = postSolution
		{9C366CE2-91BA-4A0B-B334-337E6F25B63A}.Debug|Any CPU.ActiveCfg = Debug|Any CPU
		{9C366CE2-91BA-4A0B-B334-337E6F25B63A}.Debug|Any CPU.Build.0 = Debug|Any CPU
		{9C366CE2-91BA-4A0B-B334-337E6F25B63A}.Debug|Any CPU.Deploy.0 = Debug|Any CPU
		{9C366CE2-91BA-4A0B-B334-337E6F25B63A}.Release|Any CPU.ActiveCfg = Release|Any CPU
		{9C366CE2-91BA-4A0B-B334-337E6F25B63A}.Release|Any CPU.Build.0 = Release|Any CPU
		{9C366CE2-91BA-4A0B-B334-337E6F25B63A}.Release|Any CPU.Deploy.0 = Release|Any CPU
		{8B2AD4B8-1CE3-438D-B795-74DD45C7C2FD}.Debug|Any CPU.ActiveCfg = Debug|Any CPU
		{8B2AD4B8-1CE3-438D-B795-74DD45C7C2FD}.Debug|Any CPU.Build.0 = Debug|Any CPU
		{8B2AD4B8-1CE3-438D-B795-74DD45C7C2FD}.Release|Any CPU.ActiveCfg = Release|Any CPU
		{8B2AD4B8-1CE3-438D-B795-74DD45C7C2FD}.Release|Any CPU.Build.0 = Release|Any CPU
	EndGlobalSection
	GlobalSection(SolutionProperties) = preSolution
		HideSolutionNode = FALSE
	EndGlobalSection
EndGlobal
