
Microsoft Visual Studio Solution File, Format Version 12.00
# Visual Studio 15
VisualStudioVersion = 15.0.26730.16
MinimumVisualStudioVersion = 10.0.40219.1
Project("{FAE04EC0-301F-11D3-BF4B-00C04F79EFBC}") = "JSOMBasics", "JSOMBasics\JSOMBasics.csproj", "{46BF9109-872C-49FB-A2E8-3A72F88AFCD3}"
EndProject
Global
	GlobalSection(SolutionConfigurationPlatforms) = preSolution
		Debug|Any CPU = Debug|Any CPU
		Release|Any CPU = Release|Any CPU
	EndGlobalSection
	GlobalSection(ProjectConfigurationPlatforms) = postSolution
		{46BF9109-872C-49FB-A2E8-3A72F88AFCD3}.Debug|Any CPU.ActiveCfg = Debug|Any CPU
		{46BF9109-872C-49FB-A2E8-3A72F88AFCD3}.Debug|Any CPU.Build.0 = Debug|Any CPU
		{46BF9109-872C-49FB-A2E8-3A72F88AFCD3}.Debug|Any CPU.Deploy.0 = Debug|Any CPU
		{46BF9109-872C-49FB-A2E8-3A72F88AFCD3}.Release|Any CPU.ActiveCfg = Release|Any CPU
		{46BF9109-872C-49FB-A2E8-3A72F88AFCD3}.Release|Any CPU.Build.0 = Release|Any CPU
		{46BF9109-872C-49FB-A2E8-3A72F88AFCD3}.Release|Any CPU.Deploy.0 = Release|Any CPU
	EndGlobalSection
	GlobalSection(SolutionProperties) = preSolution
		HideSolutionNode = FALSE
	EndGlobalSection
	GlobalSection(ExtensibilityGlobals) = postSolution
		SolutionGuid = {114107BF-B0E4-4A0A-97B8-5F74C523A9AD}
	EndGlobalSection
EndGlobal
