
Microsoft Visual Studio Solution File, Format Version 12.00
# Visual Studio 15
VisualStudioVersion = 15.0.27703.2042
MinimumVisualStudioVersion = 10.0.40219.1
Project("{FAE04EC0-301F-11D3-BF4B-00C04F79EFBC}") = "ProviderHosted", "ProviderHosted\ProviderHosted.csproj", "{2EA1C169-5A23-4ED4-8095-DCD37C397AD9}"
EndProject
Project("{FAE04EC0-301F-11D3-BF4B-00C04F79EFBC}") = "ProviderHostedWeb", "ProviderHostedWeb\ProviderHostedWeb.csproj", "{670EC501-B4E1-45C4-BD9E-A37500BC7368}"
EndProject
Global
	GlobalSection(SolutionConfigurationPlatforms) = preSolution
		Debug|Any CPU = Debug|Any CPU
		Release|Any CPU = Release|Any CPU
	EndGlobalSection
	GlobalSection(ProjectConfigurationPlatforms) = postSolution
		{2EA1C169-5A23-4ED4-8095-DCD37C397AD9}.Debug|Any CPU.ActiveCfg = Debug|Any CPU
		{2EA1C169-5A23-4ED4-8095-DCD37C397AD9}.Debug|Any CPU.Build.0 = Debug|Any CPU
		{2EA1C169-5A23-4ED4-8095-DCD37C397AD9}.Debug|Any CPU.Deploy.0 = Debug|Any CPU
		{2EA1C169-5A23-4ED4-8095-DCD37C397AD9}.Release|Any CPU.ActiveCfg = Release|Any CPU
		{2EA1C169-5A23-4ED4-8095-DCD37C397AD9}.Release|Any CPU.Build.0 = Release|Any CPU
		{2EA1C169-5A23-4ED4-8095-DCD37C397AD9}.Release|Any CPU.Deploy.0 = Release|Any CPU
		{670EC501-B4E1-45C4-BD9E-A37500BC7368}.Debug|Any CPU.ActiveCfg = Debug|Any CPU
		{670EC501-B4E1-45C4-BD9E-A37500BC7368}.Debug|Any CPU.Build.0 = Debug|Any CPU
		{670EC501-B4E1-45C4-BD9E-A37500BC7368}.Release|Any CPU.ActiveCfg = Release|Any CPU
		{670EC501-B4E1-45C4-BD9E-A37500BC7368}.Release|Any CPU.Build.0 = Release|Any CPU
	EndGlobalSection
	GlobalSection(SolutionProperties) = preSolution
		HideSolutionNode = FALSE
	EndGlobalSection
	GlobalSection(ExtensibilityGlobals) = postSolution
		SolutionGuid = {AC665BE5-0BE5-4EF4-A10E-ACDFC60DA6DC}
	EndGlobalSection
EndGlobal
