{
  "name": "usingpnpjs",
  "version": "1.0.0",
  "lockfileVersion": 1,
  "requires": true,
  "dependencies": {
    "@microsoft/microsoft-graph-types": {
      "version": "1.3.0",
      "resolved": "https://registry.npmjs.org/@microsoft/microsoft-graph-types/-/microsoft-graph-types-1.3.0.tgz",
      "integrity": "sha1-uHGYzIi4LfihwESRw9D0OFxoHKI="
    },
    "@pnp/common": {
      "version": "1.2.1",
      "resolved": "https://registry.npmjs.org/@pnp/common/-/common-1.2.1.tgz",
      "integrity": "sha512-cWyz8W1mq1Q7GO+Q6/RghRheYUFgNqjEEn7SDXUsUqnIu9+ZjQ8b36USRmKTFUY9p0nRPe+Ig7/Vu3oc/dMbyQ==",
      "requires": {
        "adal-angular": "1.0.17",
        "tslib": "1.9.3"
      }
    },
    "@pnp/config-store": {
      "version": "1.2.1",
      "resolved": "https://registry.npmjs.org/@pnp/config-store/-/config-store-1.2.1.tgz",
      "integrity": "sha512-5qPLvKrT6jWpJvyrwMGkxx9SR9rKq1TGaZc8R7AGtqDxXwy8EYkCmPruKr6dwe/bwCnd/B8nHf/8UK0AxN7hgw==",
      "requires": {
        "tslib": "1.9.3"
      }
    },
    "@pnp/graph": {
      "version": "1.2.1",
      "resolved": "https://registry.npmjs.org/@pnp/graph/-/graph-1.2.1.tgz",
      "integrity": "sha512-XPm8KqbQBCo7VUfhtJMPIz/vorgpZVC9V87OTcToNlw6yUSMIqk3Wrph4Tz4gVo8YKNtQDe7t9wbJCCru2Z94g==",
      "requires": {
        "@microsoft/microsoft-graph-types": "1.3.0",
        "tslib": "1.9.3"
      }
    },
    "@pnp/logging": {
      "version": "1.2.1",
      "resolved": "https://registry.npmjs.org/@pnp/logging/-/logging-1.2.1.tgz",
      "integrity": "sha512-VCEcqaqH+g5PQ0OOJv8UpD797BZnmy1ENmApRaLFAD/+SHnu8Xc/I6G3/BA/zivbmwZnPstOmLR4r49an+pQDw==",
      "requires": {
        "tslib": "1.9.3"
      }
    },
    "@pnp/odata": {
      "version": "1.2.1",
      "resolved": "https://registry.npmjs.org/@pnp/odata/-/odata-1.2.1.tgz",
      "integrity": "sha512-iNJy4QZMcD8CjTWtBasEf+LgWNQ1Q4K1g4KpfjEPScWY4QaV2/pjkM/NbRzbUc1zrfgREu13d+ZIiB45/setsQ==",
      "requires": {
        "tslib": "1.9.3"
      }
    },
    "@pnp/pnpjs": {
      "version": "1.2.1",
      "resolved": "https://registry.npmjs.org/@pnp/pnpjs/-/pnpjs-1.2.1.tgz",
      "integrity": "sha512-+lS/LXQDkGxrilnD9L0CHKXYoPmpMporllA2MMjrbnLfG8FBZXFfligA/5UF5xXJrrxGZMPHXk3dBi5QAf3cRA==",
      "requires": {
        "@pnp/common": "1.2.1",
        "@pnp/config-store": "1.2.1",
        "@pnp/graph": "1.2.1",
        "@pnp/logging": "1.2.1",
        "@pnp/odata": "1.2.1",
        "@pnp/sp": "1.2.1",
        "@pnp/sp-addinhelpers": "1.2.1",
        "tslib": "1.9.3"
      },
      "dependencies": {
        "@pnp/common": {
          "version": "1.2.1",
          "resolved": "https://registry.npmjs.org/@pnp/common/-/common-1.2.1.tgz",
          "integrity": "sha512-cWyz8W1mq1Q7GO+Q6/RghRheYUFgNqjEEn7SDXUsUqnIu9+ZjQ8b36USRmKTFUY9p0nRPe+Ig7/Vu3oc/dMbyQ==",
          "requires": {
            "adal-angular": "1.0.17",
            "tslib": "1.9.3"
          }
        },
        "@pnp/logging": {
          "version": "1.2.1",
          "resolved": "https://registry.npmjs.org/@pnp/logging/-/logging-1.2.1.tgz",
          "integrity": "sha512-VCEcqaqH+g5PQ0OOJv8UpD797BZnmy1ENmApRaLFAD/+SHnu8Xc/I6G3/BA/zivbmwZnPstOmLR4r49an+pQDw==",
          "requires": {
            "tslib": "1.9.3"
          }
        },
        "@pnp/odata": {
          "version": "1.2.1",
          "resolved": "https://registry.npmjs.org/@pnp/odata/-/odata-1.2.1.tgz",
          "integrity": "sha512-iNJy4QZMcD8CjTWtBasEf+LgWNQ1Q4K1g4KpfjEPScWY4QaV2/pjkM/NbRzbUc1zrfgREu13d+ZIiB45/setsQ==",
          "requires": {
            "tslib": "1.9.3"
          }
        },
        "@pnp/sp": {
          "version": "1.2.1",
          "resolved": "https://registry.npmjs.org/@pnp/sp/-/sp-1.2.1.tgz",
          "integrity": "sha512-HfM6g0CIilENpRD2QG8oL0cEsyWK7ZKAKUJOxvrZ5A3EG/vJDxBhCWWUrjKK/7t7/Si/b44Mpnb622fPr5XKHw==",
          "requires": {
            "tslib": "1.9.3"
          }
        }
      }
    },
    "@pnp/sp": {
      "version": "1.2.1",
      "resolved": "https://registry.npmjs.org/@pnp/sp/-/sp-1.2.1.tgz",
      "integrity": "sha512-HfM6g0CIilENpRD2QG8oL0cEsyWK7ZKAKUJOxvrZ5A3EG/vJDxBhCWWUrjKK/7t7/Si/b44Mpnb622fPr5XKHw==",
      "requires": {
        "tslib": "1.9.3"
      }
    },
    "@pnp/sp-addinhelpers": {
      "version": "1.2.1",
      "resolved": "https://registry.npmjs.org/@pnp/sp-addinhelpers/-/sp-addinhelpers-1.2.1.tgz",
      "integrity": "sha512-tE79M7RzRsEohiPNNdgxTERC6NNOSdF2ziaHXZGHDITyhdfLEbWwCwZ0TyCAWl+wxcYgtNOrKNFvwWUhYVF6Iw==",
      "requires": {
        "@types/sharepoint": "2013.1.9",
        "tslib": "1.9.3"
      }
    },
    "@types/microsoft-ajax": {
      "version": "0.0.33",
      "resolved": "https://registry.npmjs.org/@types/microsoft-ajax/-/microsoft-ajax-0.0.33.tgz",
      "integrity": "sha512-R31YIw2FUZsx62yzH1LX9+SV0xCxRn+r6FpYhaEKHAms+3zozMYZZvsJO+I3za+wlE/z03PrePGgCO1rxv7dUg=="
    },
    "@types/sharepoint": {
      "version": "2013.1.9",
      "resolved": "https://registry.npmjs.org/@types/sharepoint/-/sharepoint-2013.1.9.tgz",
      "integrity": "sha512-OP3D/vKnOnZcRwTu2jdt7gp8AGDKx3jFoBHudR7UUX4IIwDqOPEJdkfvIpz/KiQbbbyvWS0PtvDz3iQ1HH/rcw==",
      "requires": {
        "@types/microsoft-ajax": "0.0.33"
      }
    },
    "adal-angular": {
      "version": "1.0.17",
      "resolved": "https://registry.npmjs.org/adal-angular/-/adal-angular-1.0.17.tgz",
      "integrity": "sha1-bpNuDkH5HTsqiOf/ypwvb29WLMQ="
    },
    "tslib": {
      "version": "1.9.3",
      "resolved": "https://registry.npmjs.org/tslib/-/tslib-1.9.3.tgz",
      "integrity": "sha512-4krF8scpejhaOgqzBEcGM7yDIEfi0/8+8zDRZhNZZ2kjmHJ4hv3zCbQWxoJGz1iw5U0Jl0nma13xzHXcncMavQ=="
    }
  }
}
